
Microsoft Visual Studio Solution File, Format Version 12.00
# Visual Studio Version 17
VisualStudioVersion = 17.5.33530.505
MinimumVisualStudioVersion = 10.0.40219.1
Project("{FAE04EC0-301F-11D3-BF4B-00C04F79EFBC}") = "CatalyticReforming", "CatalyticReforming\CatalyticReforming.csproj", "{A04C253D-3BDE-482A-975B-6BA737885017}"
EndProject
Project("{FAE04EC0-301F-11D3-BF4B-00C04F79EFBC}") = "DAL", "DAL\DAL.csproj", "{85EAA6BE-C9CE-4AE8-BB17-0748815D90CE}"
EndProject
Global
	GlobalSection(SolutionConfigurationPlatforms) = preSolution
		Debug|Any CPU = Debug|Any CPU
		Release|Any CPU = Release|Any CPU
	EndGlobalSection
	GlobalSection(ProjectConfigurationPlatforms) = postSolution
		{A04C253D-3BDE-482A-975B-6BA737885017}.Debug|Any CPU.ActiveCfg = Debug|Any CPU
		{A04C253D-3BDE-482A-975B-6BA737885017}.Debug|Any CPU.Build.0 = Debug|Any CPU
		{A04C253D-3BDE-482A-975B-6BA737885017}.Release|Any CPU.ActiveCfg = Release|Any CPU
		{A04C253D-3BDE-482A-975B-6BA737885017}.Release|Any CPU.Build.0 = Release|Any CPU
		{85EAA6BE-C9CE-4AE8-BB17-0748815D90CE}.Debug|Any CPU.ActiveCfg = Debug|Any CPU
		{85EAA6BE-C9CE-4AE8-BB17-0748815D90CE}.Debug|Any CPU.Build.0 = Debug|Any CPU
		{85EAA6BE-C9CE-4AE8-BB17-0748815D90CE}.Release|Any CPU.ActiveCfg = Release|Any CPU
		{85EAA6BE-C9CE-4AE8-BB17-0748815D90CE}.Release|Any CPU.Build.0 = Release|Any CPU
	EndGlobalSection
	GlobalSection(SolutionProperties) = preSolution
		HideSolutionNode = FALSE
	EndGlobalSection
	GlobalSection(ExtensibilityGlobals) = postSolution
		SolutionGuid = {5CDA0F01-0913-43B9-A48A-7A8D617C4B06}
	EndGlobalSection
EndGlobal
